
Microsoft Visual Studio Solution File, Format Version 12.00
# Visual Studio Version 16
VisualStudioVersion = 25.0.1704.0
MinimumVisualStudioVersion = 10.0.40219.1
Project("{FAE04EC0-301F-11D3-BF4B-00C04F79EFBC}") = "EventsQuestion22", "EventsQuestion22\EventsQuestion22.csproj", "{5DF394BC-53CE-40F0-8C93-D833E91426C4}"
EndProject
Global
	GlobalSection(SolutionConfigurationPlatforms) = preSolution
		Debug|Any CPU = Debug|Any CPU
		Release|Any CPU = Release|Any CPU
	EndGlobalSection
	GlobalSection(ProjectConfigurationPlatforms) = postSolution
		{5DF394BC-53CE-40F0-8C93-D833E91426C4}.Debug|Any CPU.ActiveCfg = Debug|Any CPU
		{5DF394BC-53CE-40F0-8C93-D833E91426C4}.Debug|Any CPU.Build.0 = Debug|Any CPU
		{5DF394BC-53CE-40F0-8C93-D833E91426C4}.Release|Any CPU.ActiveCfg = Release|Any CPU
		{5DF394BC-53CE-40F0-8C93-D833E91426C4}.Release|Any CPU.Build.0 = Release|Any CPU
	EndGlobalSection
	GlobalSection(SolutionProperties) = preSolution
		HideSolutionNode = FALSE
	EndGlobalSection
	GlobalSection(ExtensibilityGlobals) = postSolution
		SolutionGuid = {E5247616-F6DF-417A-985A-5D2417CDAE93}
	EndGlobalSection
EndGlobal
